
Microsoft Visual Studio Solution File, Format Version 12.00
# Visual Studio Version 17
VisualStudioVersion = 17.5.002.0
MinimumVisualStudioVersion = 10.0.40219.1
Project("{9A19103F-16F7-4668-BE54-9A1E7A4F7556}") = "MVC-Giris", "MVC-Giris.csproj", "{248603CA-ECFE-443B-9C8E-CA4E828454B5}"
EndProject
Global
	GlobalSection(SolutionConfigurationPlatforms) = preSolution
		Debug|Any CPU = Debug|Any CPU
		Release|Any CPU = Release|Any CPU
	EndGlobalSection
	GlobalSection(ProjectConfigurationPlatforms) = postSolution
		{248603CA-ECFE-443B-9C8E-CA4E828454B5}.Debug|Any CPU.ActiveCfg = Debug|Any CPU
		{248603CA-ECFE-443B-9C8E-CA4E828454B5}.Debug|Any CPU.Build.0 = Debug|Any CPU
		{248603CA-ECFE-443B-9C8E-CA4E828454B5}.Release|Any CPU.ActiveCfg = Release|Any CPU
		{248603CA-ECFE-443B-9C8E-CA4E828454B5}.Release|Any CPU.Build.0 = Release|Any CPU
	EndGlobalSection
	GlobalSection(SolutionProperties) = preSolution
		HideSolutionNode = FALSE
	EndGlobalSection
	GlobalSection(ExtensibilityGlobals) = postSolution
		SolutionGuid = {1CC4457B-E8CA-4512-9FEE-1DA6EB330405}
	EndGlobalSection
EndGlobal
